# This file is automatically generated.
# It is not intended for manual editing.
version = 1

[[packages]]
name = "componentized:component"
registry = "componentized.dev"

[[packages.versions]]
requirement = "=0.0.0-dev"
version = "0.0.0-dev"
digest = "sha256:a286f387e5625023fbc5ec998de7a079e4279cc11fe569e56b443ad9cabbb4de"

[[packages]]
name = "wasi:config"
registry = "wasi.dev"

[[packages.versions]]
requirement = "=0.2.0-rc.1"
version = "0.2.0-rc.1"
digest = "sha256:1b7f1b0fd07bb4cede16c6a6ec8852815dfb924639a78735fc7bdffdc164485d"
